
Microsoft Visual Studio Solution File, Format Version 12.00
# Visual Studio Version 17
VisualStudioVersion = 17.9.34701.34
MinimumVisualStudioVersion = 10.0.40219.1
Project("{FAE04EC0-301F-11D3-BF4B-00C04F79EFBC}") = "labnosov2", "labnosov2\labnosov2.csproj", "{93E2BA17-1D51-49FE-84E9-E45E9CF602D3}"
EndProject
Global
	GlobalSection(SolutionConfigurationPlatforms) = preSolution
		Debug|Any CPU = Debug|Any CPU
		Release|Any CPU = Release|Any CPU
	EndGlobalSection
	GlobalSection(ProjectConfigurationPlatforms) = postSolution
		{93E2BA17-1D51-49FE-84E9-E45E9CF602D3}.Debug|Any CPU.ActiveCfg = Debug|Any CPU
		{93E2BA17-1D51-49FE-84E9-E45E9CF602D3}.Debug|Any CPU.Build.0 = Debug|Any CPU
		{93E2BA17-1D51-49FE-84E9-E45E9CF602D3}.Release|Any CPU.ActiveCfg = Release|Any CPU
		{93E2BA17-1D51-49FE-84E9-E45E9CF602D3}.Release|Any CPU.Build.0 = Release|Any CPU
	EndGlobalSection
	GlobalSection(SolutionProperties) = preSolution
		HideSolutionNode = FALSE
	EndGlobalSection
	GlobalSection(ExtensibilityGlobals) = postSolution
		SolutionGuid = {BB3DC0ED-ACCB-4774-BCDE-173C385CFF8D}
	EndGlobalSection
EndGlobal
